{
  "name": "mensa-card-reader",
  "version": "1.0.0",
  "lockfileVersion": 1,
  "requires": true,
  "dependencies": {
    "react-native-nfc-manager": {
      "version": "2.2.0",
      "resolved": "https://registry.npmjs.org/react-native-nfc-manager/-/react-native-nfc-manager-2.2.0.tgz",
      "integrity": "sha512-I8aWrLcjnB0cM2v26eVVGHrtkLvh+KMKBScwxll1c4dOwGUPjgeBmm945LXfJ/oXYuy8s5H6+b2kuLikAQtK9g=="
    }
  }
}
